// !$*UTF8*$!
{
	archiveVersion = 1;
	classes = {
	};
	objectVersion = 46;
	objects = {

/* Begin PBXBuildFile section */
		361663951E08E956006507B9 /* AddContactTableViewController.swift in Sources */ = {isa = PBXBuildFile; fileRef = 361663941E08E956006507B9 /* AddContactTableViewController.swift */; };
		3661CC631E0712CB00235223 /* AppDelegate.swift in Sources */ = {isa = PBXBuildFile; fileRef = 3661CC621E0712CB00235223 /* AppDelegate.swift */; };
		3661CC651E0712CB00235223 /* AddContactController.swift in Sources */ = {isa = PBXBuildFile; fileRef = 3661CC641E0712CB00235223 /* AddContactController.swift */; };
		3661CC681E0712CB00235223 /* Main.storyboard in Resources */ = {isa = PBXBuildFile; fileRef = 3661CC661E0712CB00235223 /* Main.storyboard */; };
		3661CC6A1E0712CB00235223 /* Assets.xcassets in Resources */ = {isa = PBXBuildFile; fileRef = 3661CC691E0712CB00235223 /* Assets.xcassets */; };
		3661CC6D1E0712CB00235223 /* LaunchScreen.storyboard in Resources */ = {isa = PBXBuildFile; fileRef = 3661CC6B1E0712CB00235223 /* LaunchScreen.storyboard */; };
		3661CC781E0712CB00235223 /* KnifeLifePlaygroundTests.swift in Sources */ = {isa = PBXBuildFile; fileRef = 3661CC771E0712CB00235223 /* KnifeLifePlaygroundTests.swift */; };
		3661CC831E0712CB00235223 /* KnifeLifePlaygroundUITests.swift in Sources */ = {isa = PBXBuildFile; fileRef = 3661CC821E0712CB00235223 /* KnifeLifePlaygroundUITests.swift */; };
/* End PBXBuildFile section */

/* Begin PBXContainerItemProxy section */
		3661CC741E0712CB00235223 /* PBXContainerItemProxy */ = {
			isa = PBXContainerItemProxy;
			containerPortal = 3661CC571E0712CB00235223 /* Project object */;
			proxyType = 1;
			remoteGlobalIDString = 3661CC5E1E0712CB00235223;
			remoteInfo = KnifeLifePlayground;
		};
		3661CC7F1E0712CB00235223 /* PBXContainerItemProxy */ = {
			isa = PBXContainerItemProxy;
			containerPortal = 3661CC571E0712CB00235223 /* Project object */;
			proxyType = 1;
			remoteGlobalIDString = 3661CC5E1E0712CB00235223;
			remoteInfo = KnifeLifePlayground;
		};
/* End PBXContainerItemProxy section */

/* Begin PBXFileReference section */
		361663941E08E956006507B9 /* AddContactTableViewController.swift */ = {isa = PBXFileReference; fileEncoding = 4; lastKnownFileType = sourcecode.swift; path = AddContactTableViewController.swift; sourceTree = "<group>"; };
		3661CC5F1E0712CB00235223 /* KnifeLifePlayground.app */ = {isa = PBXFileReference; explicitFileType = wrapper.application; includeInIndex = 0; path = KnifeLifePlayground.app; sourceTree = BUILT_PRODUCTS_DIR; };
		3661CC621E0712CB00235223 /* AppDelegate.swift */ = {isa = PBXFileReference; lastKnownFileType = sourcecode.swift; path = AppDelegate.swift; sourceTree = "<group>"; };
		3661CC641E0712CB00235223 /* AddContactController.swift */ = {isa = PBXFileReference; lastKnownFileType = sourcecode.swift; path = AddContactController.swift; sourceTree = "<group>"; };
		3661CC671E0712CB00235223 /* Base */ = {isa = PBXFileReference; lastKnownFileType = file.storyboard; name = Base; path = Base.lproj/Main.storyboard; sourceTree = "<group>"; };
		3661CC691E0712CB00235223 /* Assets.xcassets */ = {isa = PBXFileReference; lastKnownFileType = folder.assetcatalog; path = Assets.xcassets; sourceTree = "<group>"; };
		3661CC6C1E0712CB00235223 /* Base */ = {isa = PBXFileReference; lastKnownFileType = file.storyboard; name = Base; path = Base.lproj/LaunchScreen.storyboard; sourceTree = "<group>"; };
		3661CC6E1E0712CB00235223 /* Info.plist */ = {isa = PBXFileReference; lastKnownFileType = text.plist.xml; path = Info.plist; sourceTree = "<group>"; };
		3661CC731E0712CB00235223 /* KnifeLifePlaygroundTests.xctest */ = {isa = PBXFileReference; explicitFileType = wrapper.cfbundle; includeInIndex = 0; path = KnifeLifePlaygroundTests.xctest; sourceTree = BUILT_PRODUCTS_DIR; };
		3661CC771E0712CB00235223 /* KnifeLifePlaygroundTests.swift */ = {isa = PBXFileReference; lastKnownFileType = sourcecode.swift; path = KnifeLifePlaygroundTests.swift; sourceTree = "<group>"; };
		3661CC791E0712CB00235223 /* Info.plist */ = {isa = PBXFileReference; lastKnownFileType = text.plist.xml; path = Info.plist; sourceTree = "<group>"; };
		3661CC7E1E0712CB00235223 /* KnifeLifePlaygroundUITests.xctest */ = {isa = PBXFileReference; explicitFileType = wrapper.cfbundle; includeInIndex = 0; path = KnifeLifePlaygroundUITests.xctest; sourceTree = BUILT_PRODUCTS_DIR; };
		3661CC821E0712CB00235223 /* KnifeLifePlaygroundUITests.swift */ = {isa = PBXFileReference; lastKnownFileType = sourcecode.swift; path = KnifeLifePlaygroundUITests.swift; sourceTree = "<group>"; };
		3661CC841E0712CB00235223 /* Info.plist */ = {isa = PBXFileReference; lastKnownFileType = text.plist.xml; path = Info.plist; sourceTree = "<group>"; };
/* End PBXFileReference section */

/* Begin PBXFrameworksBuildPhase section */
		3661CC5C1E0712CB00235223 /* Frameworks */ = {
			isa = PBXFrameworksBuildPhase;
			buildActionMask = 2147483647;
			files = (
			);
			runOnlyForDeploymentPostprocessing = 0;
		};
		3661CC701E0712CB00235223 /* Frameworks */ = {
			isa = PBXFrameworksBuildPhase;
			buildActionMask = 2147483647;
			files = (
			);
			runOnlyForDeploymentPostprocessing = 0;
		};
		3661CC7B1E0712CB00235223 /* Frameworks */ = {
			isa = PBXFrameworksBuildPhase;
			buildActionMask = 2147483647;
			files = (
			);
			runOnlyForDeploymentPostprocessing = 0;
		};
/* End PBXFrameworksBuildPhase section */

/* Begin PBXGroup section */
		3661CC561E0712CB00235223 = {
			isa = PBXGroup;
			children = (
				3661CC611E0712CB00235223 /* KnifeLifePlayground */,
				3661CC761E0712CB00235223 /* KnifeLifePlaygroundTests */,
				3661CC811E0712CB00235223 /* KnifeLifePlaygroundUITests */,
				3661CC601E0712CB00235223 /* Products */,
			);
			sourceTree = "<group>";
		};
		3661CC601E0712CB00235223 /* Products */ = {
			isa = PBXGroup;
			children = (
				3661CC5F1E0712CB00235223 /* KnifeLifePlayground.app */,
				3661CC731E0712CB00235223 /* KnifeLifePlaygroundTests.xctest */,
				3661CC7E1E0712CB00235223 /* KnifeLifePlaygroundUITests.xctest */,
			);
			name = Products;
			sourceTree = "<group>";
		};
		3661CC611E0712CB00235223 /* KnifeLifePlayground */ = {
			isa = PBXGroup;
			children = (
				3661CC621E0712CB00235223 /* AppDelegate.swift */,
				3661CC641E0712CB00235223 /* AddContactController.swift */,
				361663941E08E956006507B9 /* AddContactTableViewController.swift */,
				3661CC661E0712CB00235223 /* Main.storyboard */,
				3661CC691E0712CB00235223 /* Assets.xcassets */,
				3661CC6B1E0712CB00235223 /* LaunchScreen.storyboard */,
				3661CC6E1E0712CB00235223 /* Info.plist */,
			);
			path = KnifeLifePlayground;
			sourceTree = "<group>";
		};
		3661CC761E0712CB00235223 /* KnifeLifePlaygroundTests */ = {
			isa = PBXGroup;
			children = (
				3661CC771E0712CB00235223 /* KnifeLifePlaygroundTests.swift */,
				3661CC791E0712CB00235223 /* Info.plist */,
			);
			path = KnifeLifePlaygroundTests;
			sourceTree = "<group>";
		};
		3661CC811E0712CB00235223 /* KnifeLifePlaygroundUITests */ = {
			isa = PBXGroup;
			children = (
				3661CC821E0712CB00235223 /* KnifeLifePlaygroundUITests.swift */,
				3661CC841E0712CB00235223 /* Info.plist */,
			);
			path = KnifeLifePlaygroundUITests;
			sourceTree = "<group>";
		};
/* End PBXGroup section */

/* Begin PBXNativeTarget section */
		3661CC5E1E0712CB00235223 /* KnifeLifePlayground */ = {
			isa = PBXNativeTarget;
			buildConfigurationList = 3661CC871E0712CB00235223 /* Build configuration list for PBXNativeTarget "KnifeLifePlayground" */;
			buildPhases = (
				3661CC5B1E0712CB00235223 /* Sources */,
				3661CC5C1E0712CB00235223 /* Frameworks */,
				3661CC5D1E0712CB00235223 /* Resources */,
			);
			buildRules = (
			);
			dependencies = (
			);
			name = KnifeLifePlayground;
			productName = KnifeLifePlayground;
			productReference = 3661CC5F1E0712CB00235223 /* KnifeLifePlayground.app */;
			productType = "com.apple.product-type.application";
		};
		3661CC721E0712CB00235223 /* KnifeLifePlaygroundTests */ = {
			isa = PBXNativeTarget;
			buildConfigurationList = 3661CC8A1E0712CB00235223 /* Build configuration list for PBXNativeTarget "KnifeLifePlaygroundTests" */;
			buildPhases = (
				3661CC6F1E0712CB00235223 /* Sources */,
				3661CC701E0712CB00235223 /* Frameworks */,
				3661CC711E0712CB00235223 /* Resources */,
			);
			buildRules = (
			);
			dependencies = (
				3661CC751E0712CB00235223 /* PBXTargetDependency */,
			);
			name = KnifeLifePlaygroundTests;
			productName = KnifeLifePlaygroundTests;
			productReference = 3661CC731E0712CB00235223 /* KnifeLifePlaygroundTests.xctest */;
			productType = "com.apple.product-type.bundle.unit-test";
		};
		3661CC7D1E0712CB00235223 /* KnifeLifePlaygroundUITests */ = {
			isa = PBXNativeTarget;
			buildConfigurationList = 3661CC8D1E0712CB00235223 /* Build configuration list for PBXNativeTarget "KnifeLifePlaygroundUITests" */;
			buildPhases = (
				3661CC7A1E0712CB00235223 /* Sources */,
				3661CC7B1E0712CB00235223 /* Frameworks */,
				3661CC7C1E0712CB00235223 /* Resources */,
			);
			buildRules = (
			);
			dependencies = (
				3661CC801E0712CB00235223 /* PBXTargetDependency */,
			);
			name = KnifeLifePlaygroundUITests;
			productName = KnifeLifePlaygroundUITests;
			productReference = 3661CC7E1E0712CB00235223 /* KnifeLifePlaygroundUITests.xctest */;
			productType = "com.apple.product-type.bundle.ui-testing";
		};
/* End PBXNativeTarget section */

/* Begin PBXProject section */
		3661CC571E0712CB00235223 /* Project object */ = {
			isa = PBXProject;
			attributes = {
				LastSwiftUpdateCheck = 0820;
				LastUpgradeCheck = 0820;
				ORGANIZATIONNAME = "Tyler Angert";
				TargetAttributes = {
					3661CC5E1E0712CB00235223 = {
						CreatedOnToolsVersion = 8.2;
						DevelopmentTeam = 8TWVWBQE3T;
						ProvisioningStyle = Automatic;
					};
					3661CC721E0712CB00235223 = {
						CreatedOnToolsVersion = 8.2;
						DevelopmentTeam = 8TWVWBQE3T;
						ProvisioningStyle = Automatic;
						TestTargetID = 3661CC5E1E0712CB00235223;
					};
					3661CC7D1E0712CB00235223 = {
						CreatedOnToolsVersion = 8.2;
						DevelopmentTeam = 8TWVWBQE3T;
						ProvisioningStyle = Automatic;
						TestTargetID = 3661CC5E1E0712CB00235223;
					};
				};
			};
			buildConfigurationList = 3661CC5A1E0712CB00235223 /* Build configuration list for PBXProject "KnifeLifePlayground" */;
			compatibilityVersion = "Xcode 3.2";
			developmentRegion = English;
			hasScannedForEncodings = 0;
			knownRegions = (
				en,
				Base,
			);
			mainGroup = 3661CC561E0712CB00235223;
			productRefGroup = 3661CC601E0712CB00235223 /* Products */;
			projectDirPath = "";
			projectRoot = "";
			targets = (
				3661CC5E1E0712CB00235223 /* KnifeLifePlayground */,
				3661CC721E0712CB00235223 /* KnifeLifePlaygroundTests */,
				3661CC7D1E0712CB00235223 /* KnifeLifePlaygroundUITests */,
			);
		};
/* End PBXProject section */

/* Begin PBXResourcesBuildPhase section */
		3661CC5D1E0712CB00235223 /* Resources */ = {
			isa = PBXResourcesBuildPhase;
			buildActionMask = 2147483647;
			files = (
				3661CC6D1E0712CB00235223 /* LaunchScreen.storyboard in Resources */,
				3661CC6A1E0712CB00235223 /* Assets.xcassets in Resources */,
				3661CC681E0712CB00235223 /* Main.storyboard in Resources */,
			);
			runOnlyForDeploymentPostprocessing = 0;
		};
		3661CC711E0712CB00235223 /* Resources */ = {
			isa = PBXResourcesBuildPhase;
			buildActionMask = 2147483647;
			files = (
			);
			runOnlyForDeploymentPostprocessing = 0;
		};
		3661CC7C1E0712CB00235223 /* Resources */ = {
			isa = PBXResourcesBuildPhase;
			buildActionMask = 2147483647;
			files = (
			);
			runOnlyForDeploymentPostprocessing = 0;
		};
/* End PBXResourcesBuildPhase section */

/* Begin PBXSourcesBuildPhase section */
		3661CC5B1E0712CB00235223 /* Sources */ = {
			isa = PBXSourcesBuildPhase;
			buildActionMask = 2147483647;
			files = (
				3661CC651E0712CB00235223 /* AddContactController.swift in Sources */,
				3661CC631E0712CB00235223 /* AppDelegate.swift in Sources */,
				361663951E08E956006507B9 /* AddContactTableViewController.swift in Sources */,
			);
			runOnlyForDeploymentPostprocessing = 0;
		};
		3661CC6F1E0712CB00235223 /* Sources */ = {
			isa = PBXSourcesBuildPhase;
			buildActionMask = 2147483647;
			files = (
				3661CC781E0712CB00235223 /* KnifeLifePlaygroundTests.swift in Sources */,
			);
			runOnlyForDeploymentPostprocessing = 0;
		};
		3661CC7A1E0712CB00235223 /* Sources */ = {
			isa = PBXSourcesBuildPhase;
			buildActionMask = 2147483647;
			files = (
				3661CC831E0712CB00235223 /* KnifeLifePlaygroundUITests.swift in Sources */,
			);
			runOnlyForDeploymentPostprocessing = 0;
		};
/* End PBXSourcesBuildPhase section */

/* Begin PBXTargetDependency section */
		3661CC751E0712CB00235223 /* PBXTargetDependency */ = {
			isa = PBXTargetDependency;
			target = 3661CC5E1E0712CB00235223 /* KnifeLifePlayground */;
			targetProxy = 3661CC741E0712CB00235223 /* PBXContainerItemProxy */;
		};
		3661CC801E0712CB00235223 /* PBXTargetDependency */ = {
			isa = PBXTargetDependency;
			target = 3661CC5E1E0712CB00235223 /* KnifeLifePlayground */;
			targetProxy = 3661CC7F1E0712CB00235223 /* PBXContainerItemProxy */;
		};
/* End PBXTargetDependency section */

/* Begin PBXVariantGroup section */
		3661CC661E0712CB00235223 /* Main.storyboard */ = {
			isa = PBXVariantGroup;
			children = (
				3661CC671E0712CB00235223 /* Base */,
			);
			name = Main.storyboard;
			sourceTree = "<group>";
		};
		3661CC6B1E0712CB00235223 /* LaunchScreen.storyboard */ = {
			isa = PBXVariantGroup;
			children = (
				3661CC6C1E0712CB00235223 /* Base */,
			);
			name = LaunchScreen.storyboard;
			sourceTree = "<group>";
		};
/* End PBXVariantGroup section */

/* Begin XCBuildConfiguration section */
		3661CC851E0712CB00235223 /* Debug */ = {
			isa = XCBuildConfiguration;
			buildSettings = {
				ALWAYS_SEARCH_USER_PATHS = NO;
				CLANG_ANALYZER_NONNULL = YES;
				CLANG_CXX_LANGUAGE_STANDARD = "gnu++0x";
				CLANG_CXX_LIBRARY = "libc++";
				CLANG_ENABLE_MODULES = YES;
				CLANG_ENABLE_OBJC_ARC = YES;
				CLANG_WARN_BOOL_CONVERSION = YES;
				CLANG_WARN_CONSTANT_CONVERSION = YES;
				CLANG_WARN_DIRECT_OBJC_ISA_USAGE = YES_ERROR;
				CLANG_WARN_DOCUMENTATION_COMMENTS = YES;
				CLANG_WARN_EMPTY_BODY = YES;
				CLANG_WARN_ENUM_CONVERSION = YES;
				CLANG_WARN_INFINITE_RECURSION = YES;
				CLANG_WARN_INT_CONVERSION = YES;
				CLANG_WARN_OBJC_ROOT_CLASS = YES_ERROR;
				CLANG_WARN_SUSPICIOUS_MOVE = YES;
				CLANG_WARN_UNREACHABLE_CODE = YES;
				CLANG_WARN__DUPLICATE_METHOD_MATCH = YES;
				"CODE_SIGN_IDENTITY[sdk=iphoneos*]" = "iPhone Developer";
				COPY_PHASE_STRIP = NO;
				DEBUG_INFORMATION_FORMAT = dwarf;
				ENABLE_STRICT_OBJC_MSGSEND = YES;
				ENABLE_TESTABILITY = YES;
				GCC_C_LANGUAGE_STANDARD = gnu99;
				GCC_DYNAMIC_NO_PIC = NO;
				GCC_NO_COMMON_BLOCKS = YES;
				GCC_OPTIMIZATION_LEVEL = 0;
				GCC_PREPROCESSOR_DEFINITIONS = (
					"DEBUG=1",
					"$(inherited)",
				);
				GCC_WARN_64_TO_32_BIT_CONVERSION = YES;
				GCC_WARN_ABOUT_RETURN_TYPE = YES_ERROR;
				GCC_WARN_UNDECLARED_SELECTOR = YES;
				GCC_WARN_UNINITIALIZED_AUTOS = YES_AGGRESSIVE;
				GCC_WARN_UNUSED_FUNCTION = YES;
				GCC_WARN_UNUSED_VARIABLE = YES;
				IPHONEOS_DEPLOYMENT_TARGET = 10.2;
				MTL_ENABLE_DEBUG_INFO = YES;
				ONLY_ACTIVE_ARCH = YES;
				SDKROOT = iphoneos;
				SWIFT_ACTIVE_COMPILATION_CONDITIONS = DEBUG;
				SWIFT_OPTIMIZATION_LEVEL = "-Onone";
				TARGETED_DEVICE_FAMILY = "1,2";
			};
			name = Debug;
		};
		3661CC861E0712CB00235223 /* Release */ = {
			isa = XCBuildConfiguration;
			buildSettings = {
				ALWAYS_SEARCH_USER_PATHS = NO;
				CLANG_ANALYZER_NONNULL = YES;
				CLANG_CXX_LANGUAGE_STANDARD = "gnu++0x";
				CLANG_CXX_LIBRARY = "libc++";
				CLANG_ENABLE_MODULES = YES;
				CLANG_ENABLE_OBJC_ARC = YES;
				CLANG_WARN_BOOL_CONVERSION = YES;
				CLANG_WARN_CONSTANT_CONVERSION = YES;
				CLANG_WARN_DIRECT_OBJC_ISA_USAGE = YES_ERROR;
				CLANG_WARN_DOCUMENTATION_COMMENTS = YES;
				CLANG_WARN_EMPTY_BODY = YES;
				CLANG_WARN_ENUM_CONVERSION = YES;
				CLANG_WARN_INFINITE_RECURSION = YES;
				CLANG_WARN_INT_CONVERSION = YES;
				CLANG_WARN_OBJC_ROOT_CLASS = YES_ERROR;
				CLANG_WARN_SUSPICIOUS_MOVE = YES;
				CLANG_WARN_UNREACHABLE_CODE = YES;
				CLANG_WARN__DUPLICATE_METHOD_MATCH = YES;
				"CODE_SIGN_IDENTITY[sdk=iphoneos*]" = "iPhone Developer";
				COPY_PHASE_STRIP = NO;
				DEBUG_INFORMATION_FORMAT = "dwarf-with-dsym";
				ENABLE_NS_ASSERTIONS = NO;
				ENABLE_STRICT_OBJC_MSGSEND = YES;
				GCC_C_LANGUAGE_STANDARD = gnu99;
				GCC_NO_COMMON_BLOCKS = YES;
				GCC_WARN_64_TO_32_BIT_CONVERSION = YES;
				GCC_WARN_ABOUT_RETURN_TYPE = YES_ERROR;
				GCC_WARN_UNDECLARED_SELECTOR = YES;
				GCC_WARN_UNINITIALIZED_AUTOS = YES_AGGRESSIVE;
				GCC_WARN_UNUSED_FUNCTION = YES;
				GCC_WARN_UNUSED_VARIABLE = YES;
				IPHONEOS_DEPLOYMENT_TARGET = 10.2;
				MTL_ENABLE_DEBUG_INFO = NO;
				SDKROOT = iphoneos;
				SWIFT_OPTIMIZATION_LEVEL = "-Owholemodule";
				TARGETED_DEVICE_FAMILY = "1,2";
				VALIDATE_PRODUCT = YES;
			};
			name = Release;
		};
		3661CC881E0712CB00235223 /* Debug */ = {
			isa = XCBuildConfiguration;
			buildSettings = {
				ASSETCATALOG_COMPILER_APPICON_NAME = AppIcon;
				DEVELOPMENT_TEAM = 8TWVWBQE3T;
				INFOPLIST_FILE = KnifeLifePlayground/Info.plist;
				LD_RUNPATH_SEARCH_PATHS = "$(inherited) @executable_path/Frameworks";
				PRODUCT_BUNDLE_IDENTIFIER = tangert.KnifeLifePlayground;
				PRODUCT_NAME = "$(TARGET_NAME)";
				SWIFT_VERSION = 3.0;
			};
			name = Debug;
		};
		3661CC891E0712CB00235223 /* Release */ = {
			isa = XCBuildConfiguration;
			buildSettings = {
				ASSETCATALOG_COMPILER_APPICON_NAME = AppIcon;
				DEVELOPMENT_TEAM = 8TWVWBQE3T;
				INFOPLIST_FILE = KnifeLifePlayground/Info.plist;
				LD_RUNPATH_SEARCH_PATHS = "$(inherited) @executable_path/Frameworks";
				PRODUCT_BUNDLE_IDENTIFIER = tangert.KnifeLifePlayground;
				PRODUCT_NAME = "$(TARGET_NAME)";
				SWIFT_VERSION = 3.0;
			};
			name = Release;
		};
		3661CC8B1E0712CB00235223 /* Debug */ = {
			isa = XCBuildConfiguration;
			buildSettings = {
				ALWAYS_EMBED_SWIFT_STANDARD_LIBRARIES = YES;
				BUNDLE_LOADER = "$(TEST_HOST)";
				DEVELOPMENT_TEAM = 8TWVWBQE3T;
				INFOPLIST_FILE = KnifeLifePlaygroundTests/Info.plist;
				LD_RUNPATH_SEARCH_PATHS = "$(inherited) @executable_path/Frameworks @loader_path/Frameworks";
				PRODUCT_BUNDLE_IDENTIFIER = tangert.KnifeLifePlaygroundTests;
				PRODUCT_NAME = "$(TARGET_NAME)";
				SWIFT_VERSION = 3.0;
				TEST_HOST = "$(BUILT_PRODUCTS_DIR)/KnifeLifePlayground.app/KnifeLifePlayground";
			};
			name = Debug;
		};
		3661CC8C1E0712CB00235223 /* Release */ = {
			isa = XCBuildConfiguration;
			buildSettings = {
				ALWAYS_EMBED_SWIFT_STANDARD_LIBRARIES = YES;
				BUNDLE_LOADER = "$(TEST_HOST)";
				DEVELOPMENT_TEAM = 8TWVWBQE3T;
				INFOPLIST_FILE = KnifeLifePlaygroundTests/Info.plist;
				LD_RUNPATH_SEARCH_PATHS = "$(inherited) @executable_path/Frameworks @loader_path/Frameworks";
				PRODUCT_BUNDLE_IDENTIFIER = tangert.KnifeLifePlaygroundTests;
				PRODUCT_NAME = "$(TARGET_NAME)";
				SWIFT_VERSION = 3.0;
				TEST_HOST = "$(BUILT_PRODUCTS_DIR)/KnifeLifePlayground.app/KnifeLifePlayground";
			};
			name = Release;
		};
		3661CC8E1E0712CB00235223 /* Debug */ = {
			isa = XCBuildConfiguration;
			buildSettings = {
				ALWAYS_EMBED_SWIFT_STANDARD_LIBRARIES = YES;
				DEVELOPMENT_TEAM = 8TWVWBQE3T;
				INFOPLIST_FILE = KnifeLifePlaygroundUITests/Info.plist;
				LD_RUNPATH_SEARCH_PATHS = "$(inherited) @executable_path/Frameworks @loader_path/Frameworks";
				PRODUCT_BUNDLE_IDENTIFIER = tangert.KnifeLifePlaygroundUITests;
				PRODUCT_NAME = "$(TARGET_NAME)";
				SWIFT_VERSION = 3.0;
				TEST_TARGET_NAME = KnifeLifePlayground;
			};
			name = Debug;
		};
		3661CC8F1E0712CB00235223 /* Release */ = {
			isa = XCBuildConfiguration;
			buildSettings = {
				ALWAYS_EMBED_SWIFT_STANDARD_LIBRARIES = YES;
				DEVELOPMENT_TEAM = 8TWVWBQE3T;
				INFOPLIST_FILE = KnifeLifePlaygroundUITests/Info.plist;
				LD_RUNPATH_SEARCH_PATHS = "$(inherited) @executable_path/Frameworks @loader_path/Frameworks";
				PRODUCT_BUNDLE_IDENTIFIER = tangert.KnifeLifePlaygroundUITests;
				PRODUCT_NAME = "$(TARGET_NAME)";
				SWIFT_VERSION = 3.0;
				TEST_TARGET_NAME = KnifeLifePlayground;
			};
			name = Release;
		};
/* End XCBuildConfiguration section */

/* Begin XCConfigurationList section */
		3661CC5A1E0712CB00235223 /* Build configuration list for PBXProject "KnifeLifePlayground" */ = {
			isa = XCConfigurationList;
			buildConfigurations = (
				3661CC851E0712CB00235223 /* Debug */,
				3661CC861E0712CB00235223 /* Release */,
			);
			defaultConfigurationIsVisible = 0;
			defaultConfigurationName = Release;
		};
		3661CC871E0712CB00235223 /* Build configuration list for PBXNativeTarget "KnifeLifePlayground" */ = {
			isa = XCConfigurationList;
			buildConfigurations = (
				3661CC881E0712CB00235223 /* Debug */,
				3661CC891E0712CB00235223 /* Release */,
			);
			defaultConfigurationIsVisible = 0;
			defaultConfigurationName = Release;
		};
		3661CC8A1E0712CB00235223 /* Build configuration list for PBXNativeTarget "KnifeLifePlaygroundTests" */ = {
			isa = XCConfigurationList;
			buildConfigurations = (
				3661CC8B1E0712CB00235223 /* Debug */,
				3661CC8C1E0712CB00235223 /* Release */,
			);
			defaultConfigurationIsVisible = 0;
			defaultConfigurationName = Release;
		};
		3661CC8D1E0712CB00235223 /* Build configuration list for PBXNativeTarget "KnifeLifePlaygroundUITests" */ = {
			isa = XCConfigurationList;
			buildConfigurations = (
				3661CC8E1E0712CB00235223 /* Debug */,
				3661CC8F1E0712CB00235223 /* Release */,
			);
			defaultConfigurationIsVisible = 0;
			defaultConfigurationName = Release;
		};
/* End XCConfigurationList section */
	};
	rootObject = 3661CC571E0712CB00235223 /* Project object */;
}
